
Microsoft Visual Studio Solution File, Format Version 12.00
# Visual Studio Version 16
VisualStudioVersion = 16.0.29009.5
MinimumVisualStudioVersion = 10.0.40219.1
Project("{FAE04EC0-301F-11D3-BF4B-00C04F79EFBC}") = "ConfiguringApps", "ConfiguringApps\ConfiguringApps.csproj", "{4653739C-45AE-444C-B437-8D049E1D1037}"
EndProject
Global
	GlobalSection(SolutionConfigurationPlatforms) = preSolution
		Debug|Any CPU = Debug|Any CPU
		Release|Any CPU = Release|Any CPU
	EndGlobalSection
	GlobalSection(ProjectConfigurationPlatforms) = postSolution
		{4653739C-45AE-444C-B437-8D049E1D1037}.Debug|Any CPU.ActiveCfg = Debug|Any CPU
		{4653739C-45AE-444C-B437-8D049E1D1037}.Debug|Any CPU.Build.0 = Debug|Any CPU
		{4653739C-45AE-444C-B437-8D049E1D1037}.Release|Any CPU.ActiveCfg = Release|Any CPU
		{4653739C-45AE-444C-B437-8D049E1D1037}.Release|Any CPU.Build.0 = Release|Any CPU
	EndGlobalSection
	GlobalSection(SolutionProperties) = preSolution
		HideSolutionNode = FALSE
	EndGlobalSection
	GlobalSection(ExtensibilityGlobals) = postSolution
		SolutionGuid = {6DFFFFD4-B29C-4F83-BDDB-5EC49C84C050}
	EndGlobalSection
EndGlobal
