
Microsoft Visual Studio Solution File, Format Version 12.00
# Visual Studio Version 16
VisualStudioVersion = 16.0.29009.5
MinimumVisualStudioVersion = 10.0.40219.1
Project("{FAE04EC0-301F-11D3-BF4B-00C04F79EFBC}") = "Filters", "Filters\Filters.csproj", "{4EAD2293-114D-409F-802E-349336164BCB}"
EndProject
Global
	GlobalSection(SolutionConfigurationPlatforms) = preSolution
		Debug|Any CPU = Debug|Any CPU
		Release|Any CPU = Release|Any CPU
	EndGlobalSection
	GlobalSection(ProjectConfigurationPlatforms) = postSolution
		{4EAD2293-114D-409F-802E-349336164BCB}.Debug|Any CPU.ActiveCfg = Debug|Any CPU
		{4EAD2293-114D-409F-802E-349336164BCB}.Debug|Any CPU.Build.0 = Debug|Any CPU
		{4EAD2293-114D-409F-802E-349336164BCB}.Release|Any CPU.ActiveCfg = Release|Any CPU
		{4EAD2293-114D-409F-802E-349336164BCB}.Release|Any CPU.Build.0 = Release|Any CPU
	EndGlobalSection
	GlobalSection(SolutionProperties) = preSolution
		HideSolutionNode = FALSE
	EndGlobalSection
	GlobalSection(ExtensibilityGlobals) = postSolution
		SolutionGuid = {619E0707-5F87-487F-94F5-BD58916D4625}
	EndGlobalSection
EndGlobal
